
Microsoft Visual Studio Solution File, Format Version 12.00
# Visual Studio Version 17
VisualStudioVersion = 17.7.34003.232
MinimumVisualStudioVersion = 10.0.40219.1
Project("{FAE04EC0-301F-11D3-BF4B-00C04F79EFBC}") = "YuGiOhApi", "YuGiOhApi.csproj", "{AC4BA309-6920-4295-87CD-6EE95BEDD5CD}"
EndProject
Global
	GlobalSection(SolutionConfigurationPlatforms) = preSolution
		Debug|Any CPU = Debug|Any CPU
		Release|Any CPU = Release|Any CPU
	EndGlobalSection
	GlobalSection(ProjectConfigurationPlatforms) = postSolution
		{AC4BA309-6920-4295-87CD-6EE95BEDD5CD}.Debug|Any CPU.ActiveCfg = Debug|Any CPU
		{AC4BA309-6920-4295-87CD-6EE95BEDD5CD}.Debug|Any CPU.Build.0 = Debug|Any CPU
		{AC4BA309-6920-4295-87CD-6EE95BEDD5CD}.Release|Any CPU.ActiveCfg = Release|Any CPU
		{AC4BA309-6920-4295-87CD-6EE95BEDD5CD}.Release|Any CPU.Build.0 = Release|Any CPU
	EndGlobalSection
	GlobalSection(SolutionProperties) = preSolution
		HideSolutionNode = FALSE
	EndGlobalSection
	GlobalSection(ExtensibilityGlobals) = postSolution
		SolutionGuid = {FE6BE6B4-D2D8-4287-B13F-D7B1354654F7}
	EndGlobalSection
EndGlobal
